
Microsoft Visual Studio Solution File, Format Version 12.00
# Visual Studio Version 16
VisualStudioVersion = 16.0.30011.22
MinimumVisualStudioVersion = 10.0.40219.1
Project("{FAE04EC0-301F-11D3-BF4B-00C04F79EFBC}") = "ISADdb", "ISADdb\ISADdb.csproj", "{1CB08E26-8C53-4B35-9950-4E605E106112}"
EndProject
Global
	GlobalSection(SolutionConfigurationPlatforms) = preSolution
		Debug|Any CPU = Debug|Any CPU
		Release|Any CPU = Release|Any CPU
	EndGlobalSection
	GlobalSection(ProjectConfigurationPlatforms) = postSolution
		{1CB08E26-8C53-4B35-9950-4E605E106112}.Debug|Any CPU.ActiveCfg = Debug|Any CPU
		{1CB08E26-8C53-4B35-9950-4E605E106112}.Debug|Any CPU.Build.0 = Debug|Any CPU
		{1CB08E26-8C53-4B35-9950-4E605E106112}.Release|Any CPU.ActiveCfg = Release|Any CPU
		{1CB08E26-8C53-4B35-9950-4E605E106112}.Release|Any CPU.Build.0 = Release|Any CPU
	EndGlobalSection
	GlobalSection(SolutionProperties) = preSolution
		HideSolutionNode = FALSE
	EndGlobalSection
	GlobalSection(ExtensibilityGlobals) = postSolution
		SolutionGuid = {3C439046-7A90-4512-8E2F-F2E79135C526}
	EndGlobalSection
EndGlobal
